// !$*UTF8*$!
{
	archiveVersion = 1;
	classes = {
	};
	objectVersion = 55;
	objects = {

/* Begin PBXBuildFile section */
		E723558F2724AB3D009CE1C4 /* AppDelegate.swift in Sources */ = {isa = PBXBuildFile; fileRef = E723558E2724AB3D009CE1C4 /* AppDelegate.swift */; };
		E72355912724AB3D009CE1C4 /* SceneDelegate.swift in Sources */ = {isa = PBXBuildFile; fileRef = E72355902724AB3D009CE1C4 /* SceneDelegate.swift */; };
		E72355932724AB3D009CE1C4 /* ViewController.swift in Sources */ = {isa = PBXBuildFile; fileRef = E72355922724AB3D009CE1C4 /* ViewController.swift */; };
		E72355962724AB3D009CE1C4 /* Main.storyboard in Resources */ = {isa = PBXBuildFile; fileRef = E72355942724AB3D009CE1C4 /* Main.storyboard */; };
		E72355982724AB3E009CE1C4 /* Assets.xcassets in Resources */ = {isa = PBXBuildFile; fileRef = E72355972724AB3E009CE1C4 /* Assets.xcassets */; };
		E723559B2724AB3E009CE1C4 /* LaunchScreen.storyboard in Resources */ = {isa = PBXBuildFile; fileRef = E72355992724AB3E009CE1C4 /* LaunchScreen.storyboard */; };
		E72355A62724AB3F009CE1C4 /* homezoneTests.swift in Sources */ = {isa = PBXBuildFile; fileRef = E72355A52724AB3F009CE1C4 /* homezoneTests.swift */; };
		E72355B02724AB3F009CE1C4 /* homezoneUITests.swift in Sources */ = {isa = PBXBuildFile; fileRef = E72355AF2724AB3F009CE1C4 /* homezoneUITests.swift */; };
		E72355B22724AB3F009CE1C4 /* homezoneUITestsLaunchTests.swift in Sources */ = {isa = PBXBuildFile; fileRef = E72355B12724AB3F009CE1C4 /* homezoneUITestsLaunchTests.swift */; };
		E72355BF2724B992009CE1C4 /* NoteViewController.swift in Sources */ = {isa = PBXBuildFile; fileRef = E72355BE2724B992009CE1C4 /* NoteViewController.swift */; };
		E72355C12724B9C8009CE1C4 /* EntryViewController.swift in Sources */ = {isa = PBXBuildFile; fileRef = E72355C02724B9C8009CE1C4 /* EntryViewController.swift */; };
/* End PBXBuildFile section */

/* Begin PBXContainerItemProxy section */
		E72355A22724AB3F009CE1C4 /* PBXContainerItemProxy */ = {
			isa = PBXContainerItemProxy;
			containerPortal = E72355832724AB3D009CE1C4 /* Project object */;
			proxyType = 1;
			remoteGlobalIDString = E723558A2724AB3D009CE1C4;
			remoteInfo = homezone;
		};
		E72355AC2724AB3F009CE1C4 /* PBXContainerItemProxy */ = {
			isa = PBXContainerItemProxy;
			containerPortal = E72355832724AB3D009CE1C4 /* Project object */;
			proxyType = 1;
			remoteGlobalIDString = E723558A2724AB3D009CE1C4;
			remoteInfo = homezone;
		};
/* End PBXContainerItemProxy section */

/* Begin PBXFileReference section */
		E723558B2724AB3D009CE1C4 /* homezone.app */ = {isa = PBXFileReference; explicitFileType = wrapper.application; includeInIndex = 0; path = homezone.app; sourceTree = BUILT_PRODUCTS_DIR; };
		E723558E2724AB3D009CE1C4 /* AppDelegate.swift */ = {isa = PBXFileReference; lastKnownFileType = sourcecode.swift; path = AppDelegate.swift; sourceTree = "<group>"; };
		E72355902724AB3D009CE1C4 /* SceneDelegate.swift */ = {isa = PBXFileReference; lastKnownFileType = sourcecode.swift; path = SceneDelegate.swift; sourceTree = "<group>"; };
		E72355922724AB3D009CE1C4 /* ViewController.swift */ = {isa = PBXFileReference; lastKnownFileType = sourcecode.swift; path = ViewController.swift; sourceTree = "<group>"; };
		E72355952724AB3D009CE1C4 /* Base */ = {isa = PBXFileReference; lastKnownFileType = file.storyboard; name = Base; path = Base.lproj/Main.storyboard; sourceTree = "<group>"; };
		E72355972724AB3E009CE1C4 /* Assets.xcassets */ = {isa = PBXFileReference; lastKnownFileType = folder.assetcatalog; path = Assets.xcassets; sourceTree = "<group>"; };
		E723559A2724AB3E009CE1C4 /* Base */ = {isa = PBXFileReference; lastKnownFileType = file.storyboard; name = Base; path = Base.lproj/LaunchScreen.storyboard; sourceTree = "<group>"; };
		E723559C2724AB3E009CE1C4 /* Info.plist */ = {isa = PBXFileReference; lastKnownFileType = text.plist.xml; path = Info.plist; sourceTree = "<group>"; };
		E72355A12724AB3F009CE1C4 /* homezoneTests.xctest */ = {isa = PBXFileReference; explicitFileType = wrapper.cfbundle; includeInIndex = 0; path = homezoneTests.xctest; sourceTree = BUILT_PRODUCTS_DIR; };
		E72355A52724AB3F009CE1C4 /* homezoneTests.swift */ = {isa = PBXFileReference; lastKnownFileType = sourcecode.swift; path = homezoneTests.swift; sourceTree = "<group>"; };
		E72355AB2724AB3F009CE1C4 /* homezoneUITests.xctest */ = {isa = PBXFileReference; explicitFileType = wrapper.cfbundle; includeInIndex = 0; path = homezoneUITests.xctest; sourceTree = BUILT_PRODUCTS_DIR; };
		E72355AF2724AB3F009CE1C4 /* homezoneUITests.swift */ = {isa = PBXFileReference; lastKnownFileType = sourcecode.swift; path = homezoneUITests.swift; sourceTree = "<group>"; };
		E72355B12724AB3F009CE1C4 /* homezoneUITestsLaunchTests.swift */ = {isa = PBXFileReference; lastKnownFileType = sourcecode.swift; path = homezoneUITestsLaunchTests.swift; sourceTree = "<group>"; };
		E72355BE2724B992009CE1C4 /* NoteViewController.swift */ = {isa = PBXFileReference; lastKnownFileType = sourcecode.swift; path = NoteViewController.swift; sourceTree = "<group>"; };
		E72355C02724B9C8009CE1C4 /* EntryViewController.swift */ = {isa = PBXFileReference; lastKnownFileType = sourcecode.swift; path = EntryViewController.swift; sourceTree = "<group>"; };
/* End PBXFileReference section */

/* Begin PBXFrameworksBuildPhase section */
		E72355882724AB3D009CE1C4 /* Frameworks */ = {
			isa = PBXFrameworksBuildPhase;
			buildActionMask = 2147483647;
			files = (
			);
			runOnlyForDeploymentPostprocessing = 0;
		};
		E723559E2724AB3F009CE1C4 /* Frameworks */ = {
			isa = PBXFrameworksBuildPhase;
			buildActionMask = 2147483647;
			files = (
			);
			runOnlyForDeploymentPostprocessing = 0;
		};
		E72355A82724AB3F009CE1C4 /* Frameworks */ = {
			isa = PBXFrameworksBuildPhase;
			buildActionMask = 2147483647;
			files = (
			);
			runOnlyForDeploymentPostprocessing = 0;
		};
/* End PBXFrameworksBuildPhase section */

/* Begin PBXGroup section */
		E72355822724AB3D009CE1C4 = {
			isa = PBXGroup;
			children = (
				E723558D2724AB3D009CE1C4 /* homezone */,
				E72355A42724AB3F009CE1C4 /* homezoneTests */,
				E72355AE2724AB3F009CE1C4 /* homezoneUITests */,
				E723558C2724AB3D009CE1C4 /* Products */,
			);
			sourceTree = "<group>";
		};
		E723558C2724AB3D009CE1C4 /* Products */ = {
			isa = PBXGroup;
			children = (
				E723558B2724AB3D009CE1C4 /* homezone.app */,
				E72355A12724AB3F009CE1C4 /* homezoneTests.xctest */,
				E72355AB2724AB3F009CE1C4 /* homezoneUITests.xctest */,
			);
			name = Products;
			sourceTree = "<group>";
		};
		E723558D2724AB3D009CE1C4 /* homezone */ = {
			isa = PBXGroup;
			children = (
				E723558E2724AB3D009CE1C4 /* AppDelegate.swift */,
				E72355902724AB3D009CE1C4 /* SceneDelegate.swift */,
				E72355922724AB3D009CE1C4 /* ViewController.swift */,
				E72355BE2724B992009CE1C4 /* NoteViewController.swift */,
				E72355942724AB3D009CE1C4 /* Main.storyboard */,
				E72355972724AB3E009CE1C4 /* Assets.xcassets */,
				E72355992724AB3E009CE1C4 /* LaunchScreen.storyboard */,
				E723559C2724AB3E009CE1C4 /* Info.plist */,
				E72355C02724B9C8009CE1C4 /* EntryViewController.swift */,
			);
			path = homezone;
			sourceTree = "<group>";
		};
		E72355A42724AB3F009CE1C4 /* homezoneTests */ = {
			isa = PBXGroup;
			children = (
				E72355A52724AB3F009CE1C4 /* homezoneTests.swift */,
			);
			path = homezoneTests;
			sourceTree = "<group>";
		};
		E72355AE2724AB3F009CE1C4 /* homezoneUITests */ = {
			isa = PBXGroup;
			children = (
				E72355AF2724AB3F009CE1C4 /* homezoneUITests.swift */,
				E72355B12724AB3F009CE1C4 /* homezoneUITestsLaunchTests.swift */,
			);
			path = homezoneUITests;
			sourceTree = "<group>";
		};
/* End PBXGroup section */

/* Begin PBXNativeTarget section */
		E723558A2724AB3D009CE1C4 /* homezone */ = {
			isa = PBXNativeTarget;
			buildConfigurationList = E72355B52724AB3F009CE1C4 /* Build configuration list for PBXNativeTarget "homezone" */;
			buildPhases = (
				E72355872724AB3D009CE1C4 /* Sources */,
				E72355882724AB3D009CE1C4 /* Frameworks */,
				E72355892724AB3D009CE1C4 /* Resources */,
			);
			buildRules = (
			);
			dependencies = (
			);
			name = homezone;
			productName = homezone;
			productReference = E723558B2724AB3D009CE1C4 /* homezone.app */;
			productType = "com.apple.product-type.application";
		};
		E72355A02724AB3F009CE1C4 /* homezoneTests */ = {
			isa = PBXNativeTarget;
			buildConfigurationList = E72355B82724AB3F009CE1C4 /* Build configuration list for PBXNativeTarget "homezoneTests" */;
			buildPhases = (
				E723559D2724AB3F009CE1C4 /* Sources */,
				E723559E2724AB3F009CE1C4 /* Frameworks */,
				E723559F2724AB3F009CE1C4 /* Resources */,
			);
			buildRules = (
			);
			dependencies = (
				E72355A32724AB3F009CE1C4 /* PBXTargetDependency */,
			);
			name = homezoneTests;
			productName = homezoneTests;
			productReference = E72355A12724AB3F009CE1C4 /* homezoneTests.xctest */;
			productType = "com.apple.product-type.bundle.unit-test";
		};
		E72355AA2724AB3F009CE1C4 /* homezoneUITests */ = {
			isa = PBXNativeTarget;
			buildConfigurationList = E72355BB2724AB3F009CE1C4 /* Build configuration list for PBXNativeTarget "homezoneUITests" */;
			buildPhases = (
				E72355A72724AB3F009CE1C4 /* Sources */,
				E72355A82724AB3F009CE1C4 /* Frameworks */,
				E72355A92724AB3F009CE1C4 /* Resources */,
			);
			buildRules = (
			);
			dependencies = (
				E72355AD2724AB3F009CE1C4 /* PBXTargetDependency */,
			);
			name = homezoneUITests;
			productName = homezoneUITests;
			productReference = E72355AB2724AB3F009CE1C4 /* homezoneUITests.xctest */;
			productType = "com.apple.product-type.bundle.ui-testing";
		};
/* End PBXNativeTarget section */

/* Begin PBXProject section */
		E72355832724AB3D009CE1C4 /* Project object */ = {
			isa = PBXProject;
			attributes = {
				BuildIndependentTargetsInParallel = 1;
				LastSwiftUpdateCheck = 1300;
				LastUpgradeCheck = 1300;
				TargetAttributes = {
					E723558A2724AB3D009CE1C4 = {
						CreatedOnToolsVersion = 13.0;
					};
					E72355A02724AB3F009CE1C4 = {
						CreatedOnToolsVersion = 13.0;
						TestTargetID = E723558A2724AB3D009CE1C4;
					};
					E72355AA2724AB3F009CE1C4 = {
						CreatedOnToolsVersion = 13.0;
						TestTargetID = E723558A2724AB3D009CE1C4;
					};
				};
			};
			buildConfigurationList = E72355862724AB3D009CE1C4 /* Build configuration list for PBXProject "homezone" */;
			compatibilityVersion = "Xcode 13.0";
			developmentRegion = en;
			hasScannedForEncodings = 0;
			knownRegions = (
				en,
				Base,
			);
			mainGroup = E72355822724AB3D009CE1C4;
			productRefGroup = E723558C2724AB3D009CE1C4 /* Products */;
			projectDirPath = "";
			projectRoot = "";
			targets = (
				E723558A2724AB3D009CE1C4 /* homezone */,
				E72355A02724AB3F009CE1C4 /* homezoneTests */,
				E72355AA2724AB3F009CE1C4 /* homezoneUITests */,
			);
		};
/* End PBXProject section */

/* Begin PBXResourcesBuildPhase section */
		E72355892724AB3D009CE1C4 /* Resources */ = {
			isa = PBXResourcesBuildPhase;
			buildActionMask = 2147483647;
			files = (
				E723559B2724AB3E009CE1C4 /* LaunchScreen.storyboard in Resources */,
				E72355982724AB3E009CE1C4 /* Assets.xcassets in Resources */,
				E72355962724AB3D009CE1C4 /* Main.storyboard in Resources */,
			);
			runOnlyForDeploymentPostprocessing = 0;
		};
		E723559F2724AB3F009CE1C4 /* Resources */ = {
			isa = PBXResourcesBuildPhase;
			buildActionMask = 2147483647;
			files = (
			);
			runOnlyForDeploymentPostprocessing = 0;
		};
		E72355A92724AB3F009CE1C4 /* Resources */ = {
			isa = PBXResourcesBuildPhase;
			buildActionMask = 2147483647;
			files = (
			);
			runOnlyForDeploymentPostprocessing = 0;
		};
/* End PBXResourcesBuildPhase section */

/* Begin PBXSourcesBuildPhase section */
		E72355872724AB3D009CE1C4 /* Sources */ = {
			isa = PBXSourcesBuildPhase;
			buildActionMask = 2147483647;
			files = (
				E72355BF2724B992009CE1C4 /* NoteViewController.swift in Sources */,
				E72355C12724B9C8009CE1C4 /* EntryViewController.swift in Sources */,
				E72355932724AB3D009CE1C4 /* ViewController.swift in Sources */,
				E723558F2724AB3D009CE1C4 /* AppDelegate.swift in Sources */,
				E72355912724AB3D009CE1C4 /* SceneDelegate.swift in Sources */,
			);
			runOnlyForDeploymentPostprocessing = 0;
		};
		E723559D2724AB3F009CE1C4 /* Sources */ = {
			isa = PBXSourcesBuildPhase;
			buildActionMask = 2147483647;
			files = (
				E72355A62724AB3F009CE1C4 /* homezoneTests.swift in Sources */,
			);
			runOnlyForDeploymentPostprocessing = 0;
		};
		E72355A72724AB3F009CE1C4 /* Sources */ = {
			isa = PBXSourcesBuildPhase;
			buildActionMask = 2147483647;
			files = (
				E72355B22724AB3F009CE1C4 /* homezoneUITestsLaunchTests.swift in Sources */,
				E72355B02724AB3F009CE1C4 /* homezoneUITests.swift in Sources */,
			);
			runOnlyForDeploymentPostprocessing = 0;
		};
/* End PBXSourcesBuildPhase section */

/* Begin PBXTargetDependency section */
		E72355A32724AB3F009CE1C4 /* PBXTargetDependency */ = {
			isa = PBXTargetDependency;
			target = E723558A2724AB3D009CE1C4 /* homezone */;
			targetProxy = E72355A22724AB3F009CE1C4 /* PBXContainerItemProxy */;
		};
		E72355AD2724AB3F009CE1C4 /* PBXTargetDependency */ = {
			isa = PBXTargetDependency;
			target = E723558A2724AB3D009CE1C4 /* homezone */;
			targetProxy = E72355AC2724AB3F009CE1C4 /* PBXContainerItemProxy */;
		};
/* End PBXTargetDependency section */

/* Begin PBXVariantGroup section */
		E72355942724AB3D009CE1C4 /* Main.storyboard */ = {
			isa = PBXVariantGroup;
			children = (
				E72355952724AB3D009CE1C4 /* Base */,
			);
			name = Main.storyboard;
			sourceTree = "<group>";
		};
		E72355992724AB3E009CE1C4 /* LaunchScreen.storyboard */ = {
			isa = PBXVariantGroup;
			children = (
				E723559A2724AB3E009CE1C4 /* Base */,
			);
			name = LaunchScreen.storyboard;
			sourceTree = "<group>";
		};
/* End PBXVariantGroup section */

/* Begin XCBuildConfiguration section */
		E72355B32724AB3F009CE1C4 /* Debug */ = {
			isa = XCBuildConfiguration;
			buildSettings = {
				ALWAYS_SEARCH_USER_PATHS = NO;
				CLANG_ANALYZER_NONNULL = YES;
				CLANG_ANALYZER_NUMBER_OBJECT_CONVERSION = YES_AGGRESSIVE;
				CLANG_CXX_LANGUAGE_STANDARD = "gnu++17";
				CLANG_CXX_LIBRARY = "libc++";
				CLANG_ENABLE_MODULES = YES;
				CLANG_ENABLE_OBJC_ARC = YES;
				CLANG_ENABLE_OBJC_WEAK = YES;
				CLANG_WARN_BLOCK_CAPTURE_AUTORELEASING = YES;
				CLANG_WARN_BOOL_CONVERSION = YES;
				CLANG_WARN_COMMA = YES;
				CLANG_WARN_CONSTANT_CONVERSION = YES;
				CLANG_WARN_DEPRECATED_OBJC_IMPLEMENTATIONS = YES;
				CLANG_WARN_DIRECT_OBJC_ISA_USAGE = YES_ERROR;
				CLANG_WARN_DOCUMENTATION_COMMENTS = YES;
				CLANG_WARN_EMPTY_BODY = YES;
				CLANG_WARN_ENUM_CONVERSION = YES;
				CLANG_WARN_INFINITE_RECURSION = YES;
				CLANG_WARN_INT_CONVERSION = YES;
				CLANG_WARN_NON_LITERAL_NULL_CONVERSION = YES;
				CLANG_WARN_OBJC_IMPLICIT_RETAIN_SELF = YES;
				CLANG_WARN_OBJC_LITERAL_CONVERSION = YES;
				CLANG_WARN_OBJC_ROOT_CLASS = YES_ERROR;
				CLANG_WARN_QUOTED_INCLUDE_IN_FRAMEWORK_HEADER = YES;
				CLANG_WARN_RANGE_LOOP_ANALYSIS = YES;
				CLANG_WARN_STRICT_PROTOTYPES = YES;
				CLANG_WARN_SUSPICIOUS_MOVE = YES;
				CLANG_WARN_UNGUARDED_AVAILABILITY = YES_AGGRESSIVE;
				CLANG_WARN_UNREACHABLE_CODE = YES;
				CLANG_WARN__DUPLICATE_METHOD_MATCH = YES;
				COPY_PHASE_STRIP = NO;
				DEBUG_INFORMATION_FORMAT = dwarf;
				ENABLE_STRICT_OBJC_MSGSEND = YES;
				ENABLE_TESTABILITY = YES;
				GCC_C_LANGUAGE_STANDARD = gnu11;
				GCC_DYNAMIC_NO_PIC = NO;
				GCC_NO_COMMON_BLOCKS = YES;
				GCC_OPTIMIZATION_LEVEL = 0;
				GCC_PREPROCESSOR_DEFINITIONS = (
					"DEBUG=1",
					"$(inherited)",
				);
				GCC_WARN_64_TO_32_BIT_CONVERSION = YES;
				GCC_WARN_ABOUT_RETURN_TYPE = YES_ERROR;
				GCC_WARN_UNDECLARED_SELECTOR = YES;
				GCC_WARN_UNINITIALIZED_AUTOS = YES_AGGRESSIVE;
				GCC_WARN_UNUSED_FUNCTION = YES;
				GCC_WARN_UNUSED_VARIABLE = YES;
				IPHONEOS_DEPLOYMENT_TARGET = 15.0;
				MTL_ENABLE_DEBUG_INFO = INCLUDE_SOURCE;
				MTL_FAST_MATH = YES;
				ONLY_ACTIVE_ARCH = YES;
				SDKROOT = iphoneos;
				SWIFT_ACTIVE_COMPILATION_CONDITIONS = DEBUG;
				SWIFT_OPTIMIZATION_LEVEL = "-Onone";
			};
			name = Debug;
		};
		E72355B42724AB3F009CE1C4 /* Release */ = {
			isa = XCBuildConfiguration;
			buildSettings = {
				ALWAYS_SEARCH_USER_PATHS = NO;
				CLANG_ANALYZER_NONNULL = YES;
				CLANG_ANALYZER_NUMBER_OBJECT_CONVERSION = YES_AGGRESSIVE;
				CLANG_CXX_LANGUAGE_STANDARD = "gnu++17";
				CLANG_CXX_LIBRARY = "libc++";
				CLANG_ENABLE_MODULES = YES;
				CLANG_ENABLE_OBJC_ARC = YES;
				CLANG_ENABLE_OBJC_WEAK = YES;
				CLANG_WARN_BLOCK_CAPTURE_AUTORELEASING = YES;
				CLANG_WARN_BOOL_CONVERSION = YES;
				CLANG_WARN_COMMA = YES;
				CLANG_WARN_CONSTANT_CONVERSION = YES;
				CLANG_WARN_DEPRECATED_OBJC_IMPLEMENTATIONS = YES;
				CLANG_WARN_DIRECT_OBJC_ISA_USAGE = YES_ERROR;
				CLANG_WARN_DOCUMENTATION_COMMENTS = YES;
				CLANG_WARN_EMPTY_BODY = YES;
				CLANG_WARN_ENUM_CONVERSION = YES;
				CLANG_WARN_INFINITE_RECURSION = YES;
				CLANG_WARN_INT_CONVERSION = YES;
				CLANG_WARN_NON_LITERAL_NULL_CONVERSION = YES;
				CLANG_WARN_OBJC_IMPLICIT_RETAIN_SELF = YES;
				CLANG_WARN_OBJC_LITERAL_CONVERSION = YES;
				CLANG_WARN_OBJC_ROOT_CLASS = YES_ERROR;
				CLANG_WARN_QUOTED_INCLUDE_IN_FRAMEWORK_HEADER = YES;
				CLANG_WARN_RANGE_LOOP_ANALYSIS = YES;
				CLANG_WARN_STRICT_PROTOTYPES = YES;
				CLANG_WARN_SUSPICIOUS_MOVE = YES;
				CLANG_WARN_UNGUARDED_AVAILABILITY = YES_AGGRESSIVE;
				CLANG_WARN_UNREACHABLE_CODE = YES;
				CLANG_WARN__DUPLICATE_METHOD_MATCH = YES;
				COPY_PHASE_STRIP = NO;
				DEBUG_INFORMATION_FORMAT = "dwarf-with-dsym";
				ENABLE_NS_ASSERTIONS = NO;
				ENABLE_STRICT_OBJC_MSGSEND = YES;
				GCC_C_LANGUAGE_STANDARD = gnu11;
				GCC_NO_COMMON_BLOCKS = YES;
				GCC_WARN_64_TO_32_BIT_CONVERSION = YES;
				GCC_WARN_ABOUT_RETURN_TYPE = YES_ERROR;
				GCC_WARN_UNDECLARED_SELECTOR = YES;
				GCC_WARN_UNINITIALIZED_AUTOS = YES_AGGRESSIVE;
				GCC_WARN_UNUSED_FUNCTION = YES;
				GCC_WARN_UNUSED_VARIABLE = YES;
				IPHONEOS_DEPLOYMENT_TARGET = 15.0;
				MTL_ENABLE_DEBUG_INFO = NO;
				MTL_FAST_MATH = YES;
				SDKROOT = iphoneos;
				SWIFT_COMPILATION_MODE = wholemodule;
				SWIFT_OPTIMIZATION_LEVEL = "-O";
				VALIDATE_PRODUCT = YES;
			};
			name = Release;
		};
		E72355B62724AB3F009CE1C4 /* Debug */ = {
			isa = XCBuildConfiguration;
			buildSettings = {
				ASSETCATALOG_COMPILER_APPICON_NAME = AppIcon;
				ASSETCATALOG_COMPILER_GLOBAL_ACCENT_COLOR_NAME = AccentColor;
				CODE_SIGN_STYLE = Automatic;
				CURRENT_PROJECT_VERSION = 1;
				DEVELOPMENT_TEAM = N7XTJ3T26Z;
				GENERATE_INFOPLIST_FILE = YES;
				INFOPLIST_FILE = homezone/Info.plist;
				INFOPLIST_KEY_UIApplicationSupportsIndirectInputEvents = YES;
				INFOPLIST_KEY_UILaunchStoryboardName = LaunchScreen;
				INFOPLIST_KEY_UIMainStoryboardFile = Main;
				INFOPLIST_KEY_UISupportedInterfaceOrientations_iPad = "UIInterfaceOrientationPortrait UIInterfaceOrientationPortraitUpsideDown UIInterfaceOrientationLandscapeLeft UIInterfaceOrientationLandscapeRight";
				INFOPLIST_KEY_UISupportedInterfaceOrientations_iPhone = "UIInterfaceOrientationPortrait UIInterfaceOrientationLandscapeLeft UIInterfaceOrientationLandscapeRight";
				LD_RUNPATH_SEARCH_PATHS = (
					"$(inherited)",
					"@executable_path/Frameworks",
				);
				MARKETING_VERSION = 1.0;
				PRODUCT_BUNDLE_IDENTIFIER = com.mycompany.homezone;
				PRODUCT_NAME = "$(TARGET_NAME)";
				SWIFT_EMIT_LOC_STRINGS = YES;
				SWIFT_VERSION = 5.0;
				TARGETED_DEVICE_FAMILY = "1,2";
			};
			name = Debug;
		};
		E72355B72724AB3F009CE1C4 /* Release */ = {
			isa = XCBuildConfiguration;
			buildSettings = {
				ASSETCATALOG_COMPILER_APPICON_NAME = AppIcon;
				ASSETCATALOG_COMPILER_GLOBAL_ACCENT_COLOR_NAME = AccentColor;
				CODE_SIGN_STYLE = Automatic;
				CURRENT_PROJECT_VERSION = 1;
				DEVELOPMENT_TEAM = N7XTJ3T26Z;
				GENERATE_INFOPLIST_FILE = YES;
				INFOPLIST_FILE = homezone/Info.plist;
				INFOPLIST_KEY_UIApplicationSupportsIndirectInputEvents = YES;
				INFOPLIST_KEY_UILaunchStoryboardName = LaunchScreen;
				INFOPLIST_KEY_UIMainStoryboardFile = Main;
				INFOPLIST_KEY_UISupportedInterfaceOrientations_iPad = "UIInterfaceOrientationPortrait UIInterfaceOrientationPortraitUpsideDown UIInterfaceOrientationLandscapeLeft UIInterfaceOrientationLandscapeRight";
				INFOPLIST_KEY_UISupportedInterfaceOrientations_iPhone = "UIInterfaceOrientationPortrait UIInterfaceOrientationLandscapeLeft UIInterfaceOrientationLandscapeRight";
				LD_RUNPATH_SEARCH_PATHS = (
					"$(inherited)",
					"@executable_path/Frameworks",
				);
				MARKETING_VERSION = 1.0;
				PRODUCT_BUNDLE_IDENTIFIER = com.mycompany.homezone;
				PRODUCT_NAME = "$(TARGET_NAME)";
				SWIFT_EMIT_LOC_STRINGS = YES;
				SWIFT_VERSION = 5.0;
				TARGETED_DEVICE_FAMILY = "1,2";
			};
			name = Release;
		};
		E72355B92724AB3F009CE1C4 /* Debug */ = {
			isa = XCBuildConfiguration;
			buildSettings = {
				ALWAYS_EMBED_SWIFT_STANDARD_LIBRARIES = YES;
				BUNDLE_LOADER = "$(TEST_HOST)";
				CODE_SIGN_STYLE = Automatic;
				CURRENT_PROJECT_VERSION = 1;
				DEVELOPMENT_TEAM = N7XTJ3T26Z;
				GENERATE_INFOPLIST_FILE = YES;
				IPHONEOS_DEPLOYMENT_TARGET = 15.0;
				LD_RUNPATH_SEARCH_PATHS = (
					"$(inherited)",
					"@executable_path/Frameworks",
					"@loader_path/Frameworks",
				);
				MARKETING_VERSION = 1.0;
				PRODUCT_BUNDLE_IDENTIFIER = com.mycompany.homezoneTests;
				PRODUCT_NAME = "$(TARGET_NAME)";
				SWIFT_EMIT_LOC_STRINGS = NO;
				SWIFT_VERSION = 5.0;
				TARGETED_DEVICE_FAMILY = "1,2";
				TEST_HOST = "$(BUILT_PRODUCTS_DIR)/homezone.app/homezone";
			};
			name = Debug;
		};
		E72355BA2724AB3F009CE1C4 /* Release */ = {
			isa = XCBuildConfiguration;
			buildSettings = {
				ALWAYS_EMBED_SWIFT_STANDARD_LIBRARIES = YES;
				BUNDLE_LOADER = "$(TEST_HOST)";
				CODE_SIGN_STYLE = Automatic;
				CURRENT_PROJECT_VERSION = 1;
				DEVELOPMENT_TEAM = N7XTJ3T26Z;
				GENERATE_INFOPLIST_FILE = YES;
				IPHONEOS_DEPLOYMENT_TARGET = 15.0;
				LD_RUNPATH_SEARCH_PATHS = (
					"$(inherited)",
					"@executable_path/Frameworks",
					"@loader_path/Frameworks",
				);
				MARKETING_VERSION = 1.0;
				PRODUCT_BUNDLE_IDENTIFIER = com.mycompany.homezoneTests;
				PRODUCT_NAME = "$(TARGET_NAME)";
				SWIFT_EMIT_LOC_STRINGS = NO;
				SWIFT_VERSION = 5.0;
				TARGETED_DEVICE_FAMILY = "1,2";
				TEST_HOST = "$(BUILT_PRODUCTS_DIR)/homezone.app/homezone";
			};
			name = Release;
		};
		E72355BC2724AB3F009CE1C4 /* Debug */ = {
			isa = XCBuildConfiguration;
			buildSettings = {
				ALWAYS_EMBED_SWIFT_STANDARD_LIBRARIES = YES;
				CODE_SIGN_STYLE = Automatic;
				CURRENT_PROJECT_VERSION = 1;
				DEVELOPMENT_TEAM = N7XTJ3T26Z;
				GENERATE_INFOPLIST_FILE = YES;
				LD_RUNPATH_SEARCH_PATHS = (
					"$(inherited)",
					"@executable_path/Frameworks",
					"@loader_path/Frameworks",
				);
				MARKETING_VERSION = 1.0;
				PRODUCT_BUNDLE_IDENTIFIER = com.mycompany.homezoneUITests;
				PRODUCT_NAME = "$(TARGET_NAME)";
				SWIFT_EMIT_LOC_STRINGS = NO;
				SWIFT_VERSION = 5.0;
				TARGETED_DEVICE_FAMILY = "1,2";
				TEST_TARGET_NAME = homezone;
			};
			name = Debug;
		};
		E72355BD2724AB3F009CE1C4 /* Release */ = {
			isa = XCBuildConfiguration;
			buildSettings = {
				ALWAYS_EMBED_SWIFT_STANDARD_LIBRARIES = YES;
				CODE_SIGN_STYLE = Automatic;
				CURRENT_PROJECT_VERSION = 1;
				DEVELOPMENT_TEAM = N7XTJ3T26Z;
				GENERATE_INFOPLIST_FILE = YES;
				LD_RUNPATH_SEARCH_PATHS = (
					"$(inherited)",
					"@executable_path/Frameworks",
					"@loader_path/Frameworks",
				);
				MARKETING_VERSION = 1.0;
				PRODUCT_BUNDLE_IDENTIFIER = com.mycompany.homezoneUITests;
				PRODUCT_NAME = "$(TARGET_NAME)";
				SWIFT_EMIT_LOC_STRINGS = NO;
				SWIFT_VERSION = 5.0;
				TARGETED_DEVICE_FAMILY = "1,2";
				TEST_TARGET_NAME = homezone;
			};
			name = Release;
		};
/* End XCBuildConfiguration section */

/* Begin XCConfigurationList section */
		E72355862724AB3D009CE1C4 /* Build configuration list for PBXProject "homezone" */ = {
			isa = XCConfigurationList;
			buildConfigurations = (
				E72355B32724AB3F009CE1C4 /* Debug */,
				E72355B42724AB3F009CE1C4 /* Release */,
			);
			defaultConfigurationIsVisible = 0;
			defaultConfigurationName = Release;
		};
		E72355B52724AB3F009CE1C4 /* Build configuration list for PBXNativeTarget "homezone" */ = {
			isa = XCConfigurationList;
			buildConfigurations = (
				E72355B62724AB3F009CE1C4 /* Debug */,
				E72355B72724AB3F009CE1C4 /* Release */,
			);
			defaultConfigurationIsVisible = 0;
			defaultConfigurationName = Release;
		};
		E72355B82724AB3F009CE1C4 /* Build configuration list for PBXNativeTarget "homezoneTests" */ = {
			isa = XCConfigurationList;
			buildConfigurations = (
				E72355B92724AB3F009CE1C4 /* Debug */,
				E72355BA2724AB3F009CE1C4 /* Release */,
			);
			defaultConfigurationIsVisible = 0;
			defaultConfigurationName = Release;
		};
		E72355BB2724AB3F009CE1C4 /* Build configuration list for PBXNativeTarget "homezoneUITests" */ = {
			isa = XCConfigurationList;
			buildConfigurations = (
				E72355BC2724AB3F009CE1C4 /* Debug */,
				E72355BD2724AB3F009CE1C4 /* Release */,
			);
			defaultConfigurationIsVisible = 0;
			defaultConfigurationName = Release;
		};
/* End XCConfigurationList section */
	};
	rootObject = E72355832724AB3D009CE1C4 /* Project object */;
}
